# This file is automatically @generated by Poetry 1.8.4 and should not be changed by hand.

[[package]]
name = "colorama"
version = "0.4.6"
description = "Cross-platform colored terminal text."
optional = false
python-versions = "!=3.0.*,!=3.1.*,!=3.2.*,!=3.3.*,!=3.4.*,!=3.5.*,!=3.6.*,>=2.7"
files = [
    {file = "colorama-0.4.6-py2.py3-none-any.whl", hash = "sha256:4f1d9991f5acc0ca119f9d443620b77f9d6b33703e51011c16baf57afb285fc6"},
    {file = "colorama-0.4.6.tar.gz", hash = "sha256:08695f5cb7ed6e0531a20572697297273c47b8cae5a63ffc6d6ed5c201be6e44"},
]

[[package]]
name = "scapy"
version = "2.6.1"
description = "Scapy: interactive packet manipulation tool"
optional = false
python-versions = "<4,>=3.7"
files = [
    {file = "scapy-2.6.1-py3-none-any.whl", hash = "sha256:88a998572049b511a1f3e44f4aa7c62dd39c6ea2aa1bb58434f503956641789d"},
    {file = "scapy-2.6.1.tar.gz", hash = "sha256:7600d7e2383c853e5c3a6e05d37e17643beebf2b3e10d7914dffcc3bc3c6e6c5"},
]

[package.extras]
all = ["cryptography (>=2.0)", "ipython", "matplotlib", "pyx"]
cli = ["ipython"]
doc = ["sphinx (>=7.0.0)", "sphinx-rtd-theme (>=1.3.0)", "tox (>=3.0.0)"]

[[package]]
name = "websockets"
version = "14.0"
description = "An implementation of the WebSocket Protocol (RFC 6455 & 7692)"
optional = false
python-versions = ">=3.9"
files = [
    {file = "websockets-14.0-cp310-cp310-macosx_10_9_universal2.whl", hash = "sha256:064a72c0602c2d2c2586143561e0f179ef9b98e0825dc4a3d5cdf55a81898ed6"},
    {file = "websockets-14.0-cp310-cp310-macosx_10_9_x86_64.whl", hash = "sha256:9dc5a2726fd16c266d35838db086fa4e621bb049e3bbe498ab9d54ad5068f726"},
    {file = "websockets-14.0-cp310-cp310-macosx_11_0_arm64.whl", hash = "sha256:1e541e4c8983b118a584c306070878e7f9670b7781e04184b6e05f9fc92e8a0e"},
    {file = "websockets-14.0-cp310-cp310-manylinux_2_17_aarch64.manylinux2014_aarch64.whl", hash = "sha256:23b13edb4df2d4e5d6dc747d83e6b244e267a6615ede90f18ef13dfb2b6feb87"},
    {file = "websockets-14.0-cp310-cp310-manylinux_2_5_i686.manylinux1_i686.manylinux_2_17_i686.manylinux2014_i686.whl", hash = "sha256:288365a33049dae3065cdb2c2dd4b48df4b64839c565761c4f3f0c360460a561"},
    {file = "websockets-14.0-cp310-cp310-manylinux_2_5_x86_64.manylinux1_x86_64.manylinux_2_17_x86_64.manylinux2014_x86_64.whl", hash = "sha256:79e2494047826a56f2951b2ada9dc139d2c3aff63122e86953cafe64ac0fde75"},
    {file = "websockets-14.0-cp310-cp310-musllinux_1_2_aarch64.whl", hash = "sha256:5a5b76b47b62de16d26439d362b18d71394ca4376eb2c8838352be64b27ba8af"},
    {file = "websockets-14.0-cp310-cp310-musllinux_1_2_i686.whl", hash = "sha256:7ed4111f305770e35070e49fbb9fbf757a9b6c9a31bb86d352eb4031d4aa976f"},
    {file = "websockets-14.0-cp310-cp310-musllinux_1_2_x86_64.whl", hash = "sha256:9af48a2f4cc5e2e34cf69969079865100e418c27caa26c1e3369efcc20c81e17"},
    {file = "websockets-14.0-cp310-cp310-win32.whl", hash = "sha256:a97c10043bf74d7667be69383312007d54a507fac8fa101be492cc91e279d94d"},
    {file = "websockets-14.0-cp310-cp310-win_amd64.whl", hash = "sha256:5f86250ee98f6098479936b7d596418b6e4c919dfa156508e9d6ac5f8bfbe764"},
    {file = "websockets-14.0-cp311-cp311-macosx_10_9_universal2.whl", hash = "sha256:3c12e6c1331ee8833fcb565c033f7eb4cb5642af37cef81211c222b617b170df"},
    {file = "websockets-14.0-cp311-cp311-macosx_10_9_x86_64.whl", hash = "sha256:445a53bce8344e62df4ed9a22fdd1f06cad8e404ead64b2a1f19bd826c8dad1b"},
    {file = "websockets-14.0-cp311-cp311-macosx_11_0_arm64.whl", hash = "sha256:3e4be641fed120790241ae15fde27374a62cadaadcc0bd2b4ce35790bd284fb6"},
    {file = "websockets-14.0-cp311-cp311-manylinux_2_17_aarch64.manylinux2014_aarch64.whl", hash = "sha256:b886b6d14cd089396155e6beb2935268bf995057bf24c3e5fd609af55c584a03"},
    {file = "websockets-14.0-cp311-cp311-manylinux_2_5_i686.manylinux1_i686.manylinux_2_17_i686.manylinux2014_i686.whl", hash = "sha256:a9b8a85d62709a86a9a55d4720502e88968483ee7f365bd852b75935dec04e0d"},
    {file = "websockets-14.0-cp311-cp311-manylinux_2_5_x86_64.manylinux1_x86_64.manylinux_2_17_x86_64.manylinux2014_x86_64.whl", hash = "sha256:08d62f438a591c016c5d4c79eaf9a8f7a85b6c3ea88793d676c00c930a41e775"},
    {file = "websockets-14.0-cp311-cp311-musllinux_1_2_aarch64.whl", hash = "sha256:189e9f074f2a77f7cf54634797b29be28116ee564ece421c7653030a2cef48f0"},
    {file = "websockets-14.0-cp311-cp311-musllinux_1_2_i686.whl", hash = "sha256:0b406f2387dbaf301996b7b2cf41519c1fbba7d5c9626406dd56f72075a60a00"},
    {file = "websockets-14.0-cp311-cp311-musllinux_1_2_x86_64.whl", hash = "sha256:a3741f4394ba3d55a64949ee11ffdba19e2a2bdaa1319a96a7ab93bf8bd2b9b2"},
    {file = "websockets-14.0-cp311-cp311-win32.whl", hash = "sha256:b639ea88a46f4629645b398c9e7be0366c92e4910203a6314f78469f5e631dc5"},
    {file = "websockets-14.0-cp311-cp311-win_amd64.whl", hash = "sha256:715b238c1772ed28b98af8830df41c5d68941729e22384fe1433db495b1d5438"},
    {file = "websockets-14.0-cp312-cp312-macosx_10_13_universal2.whl", hash = "sha256:f988f141a9be7a74d2e98d446b2f5411038bad14cdab80f9d1644b2329a71b48"},
    {file = "websockets-14.0-cp312-cp312-macosx_10_13_x86_64.whl", hash = "sha256:7fd212e7022c70b4f8246dee4449dde30ff50c7e8e1d61ac87b7879579badd03"},
    {file = "websockets-14.0-cp312-cp312-macosx_11_0_arm64.whl", hash = "sha256:4c06f014fd8fa3827e5fd03ec012945e2139901f261fcc401e0622476cad9c5c"},
    {file = "websockets-14.0-cp312-cp312-manylinux_2_17_aarch64.manylinux2014_aarch64.whl", hash = "sha256:6fad8f03dc976e710db785abf9deb76eb259312fb54d77b568c73f0162cef96e"},
    {file = "websockets-14.0-cp312-cp312-manylinux_2_5_i686.manylinux1_i686.manylinux_2_17_i686.manylinux2014_i686.whl", hash = "sha256:6cff048a155024a580fee9f9a66b0ad9fc82683f6470c26eb76dd9280e6f459e"},
    {file = "websockets-14.0-cp312-cp312-manylinux_2_5_x86_64.manylinux1_x86_64.manylinux_2_17_x86_64.manylinux2014_x86_64.whl", hash = "sha256:56ec8098dcc47817c8aee8037165f0fe30fec8efe543c66e0924781a4bfcbdfd"},
    {file = "websockets-14.0-cp312-cp312-musllinux_1_2_aarch64.whl", hash = "sha256:ee5fb667aec4ae723d40ada9854128df427b35b526c600cd352ca0240aad4dd7"},
    {file = "websockets-14.0-cp312-cp312-musllinux_1_2_i686.whl", hash = "sha256:2752c98237057f27594a8393d498edd9db37e06abcfb99176d9cb6fb989dc883"},
    {file = "websockets-14.0-cp312-cp312-musllinux_1_2_x86_64.whl", hash = "sha256:e9ff528498d9e5c543bee388023ca91870678ac50724d675853ba85b4f0a459e"},
    {file = "websockets-14.0-cp312-cp312-win32.whl", hash = "sha256:8982909857b09220ee31d9a45699fce26f8e5b94a10efa7fe07004d4f4200a33"},
    {file = "websockets-14.0-cp312-cp312-win_amd64.whl", hash = "sha256:61b60c2a07b6d25f7ce8cc0101d55fb0f1af388bec1eddfe0181085c2206e7b0"},
    {file = "websockets-14.0-cp313-cp313-macosx_10_13_universal2.whl", hash = "sha256:7cf000319db10a0cb5c7ce91bfd2a8699086b5cc0b5c5b83b92eec22a0448b2f"},
    {file = "websockets-14.0-cp313-cp313-macosx_10_13_x86_64.whl", hash = "sha256:0bae3caf386d418e83b62e8c1c4cec1b13348fac43e530b9894d6c7c02d921b5"},
    {file = "websockets-14.0-cp313-cp313-macosx_11_0_arm64.whl", hash = "sha256:8eb46ac94d5c131336dc997a568f5579501958b14a507e6aa4840f6d856da980"},
    {file = "websockets-14.0-cp313-cp313-manylinux_2_17_aarch64.manylinux2014_aarch64.whl", hash = "sha256:12c345585b1da70cd27a298b0b9a81aa18da7a690672f771b427db59c632d8aa"},
    {file = "websockets-14.0-cp313-cp313-manylinux_2_5_i686.manylinux1_i686.manylinux_2_17_i686.manylinux2014_i686.whl", hash = "sha256:81758da7c76b4e2ddabc4a98a51f3c3aca8585a6d3a8662b5061613303bd5f68"},
    {file = "websockets-14.0-cp313-cp313-manylinux_2_5_x86_64.manylinux1_x86_64.manylinux_2_17_x86_64.manylinux2014_x86_64.whl", hash = "sha256:4eae86193fd667667f35367d292b912685cb22c3f9f1dd6deaa3fdd713ab5976"},
    {file = "websockets-14.0-cp313-cp313-musllinux_1_2_aarch64.whl", hash = "sha256:7078dd0eac3a1dccf2c6f474004dbe8a4e936dbd19d37bbfb6efa70c923ae04e"},
    {file = "websockets-14.0-cp313-cp313-musllinux_1_2_i686.whl", hash = "sha256:2a418d596536a470f6f8e94cbb1fde66fe65e03d68c403eee0f2198b129e139a"},
    {file = "websockets-14.0-cp313-cp313-musllinux_1_2_x86_64.whl", hash = "sha256:7d66eeab61956e231f35659e6d5b66dc04a3d51e65f2b8f71862dc6a8ba710d1"},
    {file = "websockets-14.0-cp313-cp313-win32.whl", hash = "sha256:b24f7286a5c4e350284623cf708662f0881fe7bc1146c1a1fe7e6a9be01a8d6b"},
    {file = "websockets-14.0-cp313-cp313-win_amd64.whl", hash = "sha256:fb260539dd2b64e93c9f2c59caa70d36d2020fb8e26fa17f62459ad50ebf6c24"},
    {file = "websockets-14.0-cp39-cp39-macosx_10_9_universal2.whl", hash = "sha256:0913596e0072202be8729dab05266398b72ee57c4232f48d52fe2a0370d0b53f"},
    {file = "websockets-14.0-cp39-cp39-macosx_10_9_x86_64.whl", hash = "sha256:6f2e7710f3c468519f9d5b01a291c407f809f8f831e5a204b238e02447046d78"},
    {file = "websockets-14.0-cp39-cp39-macosx_11_0_arm64.whl", hash = "sha256:0ae0e14729038208711d2e2f769280621c22cd253e3dac00f809fa38c6ccb79d"},
    {file = "websockets-14.0-cp39-cp39-manylinux_2_17_aarch64.manylinux2014_aarch64.whl", hash = "sha256:4875d1c3ab3d1d9a9d8485dc1f4c2aaa63947824af03301911ea58d1e881e096"},
    {file = "websockets-14.0-cp39-cp39-manylinux_2_5_i686.manylinux1_i686.manylinux_2_17_i686.manylinux2014_i686.whl", hash = "sha256:678990bc5a1e4fa36e18d340d439079a21e6b8d249848b7066cad1a6cbd34b82"},
    {file = "websockets-14.0-cp39-cp39-manylinux_2_5_x86_64.manylinux1_x86_64.manylinux_2_17_x86_64.manylinux2014_x86_64.whl", hash = "sha256:bdaf3b31f8343dcc6c20d068c10eb29325dd70f5dc321ebb5fbeaa280436e70e"},
    {file = "websockets-14.0-cp39-cp39-musllinux_1_2_aarch64.whl", hash = "sha256:633bbda2d30bc695900f6a07de4e5d92a4e8e8d0d8a536bb3c2051bee4dc3856"},
    {file = "websockets-14.0-cp39-cp39-musllinux_1_2_i686.whl", hash = "sha256:1c4ca7cc5a02f909789dad259dffe61be4f38ffb26dc5e26ab2dca2c7d7c87de"},
    {file = "websockets-14.0-cp39-cp39-musllinux_1_2_x86_64.whl", hash = "sha256:5ade11f4939b885303d28b53d512e96e1a8ea8fbebedd6fef3e2e1afe633cc2a"},
    {file = "websockets-14.0-cp39-cp39-win32.whl", hash = "sha256:281b5ab9514eb241e347a46367a2374cb60cf8f420c4283948aa188f05e7810c"},
    {file = "websockets-14.0-cp39-cp39-win_amd64.whl", hash = "sha256:72fe11675685412917363481b79c56e68175e62352f84ca4788ac264f9ea6ed0"},
    {file = "websockets-14.0-pp310-pypy310_pp73-macosx_10_15_x86_64.whl", hash = "sha256:3f1a697262e28682222f18fae70eb0800dfa50c6eb96b0561c6beb83d6cf78ca"},
    {file = "websockets-14.0-pp310-pypy310_pp73-macosx_11_0_arm64.whl", hash = "sha256:1e0e543e0e81c55e68552bd3c081282721c710a6379a2a78e1ec793853479b25"},
    {file = "websockets-14.0-pp310-pypy310_pp73-manylinux_2_17_aarch64.manylinux2014_aarch64.whl", hash = "sha256:2786c74cbcb0263fd541e4a075aa8c932bdcaa91e5bbb8649c65304799acdd64"},
    {file = "websockets-14.0-pp310-pypy310_pp73-manylinux_2_5_i686.manylinux1_i686.manylinux_2_17_i686.manylinux2014_i686.whl", hash = "sha256:176b39547950ff3520728bd1eadd0fa02c68492a1fabca636bab7883dd390905"},
    {file = "websockets-14.0-pp310-pypy310_pp73-manylinux_2_5_x86_64.manylinux1_x86_64.manylinux_2_17_x86_64.manylinux2014_x86_64.whl", hash = "sha256:86626d560ceb9d846d128b9c7bd2d0f247dbb62fb49c386762d109583140bf48"},
    {file = "websockets-14.0-pp310-pypy310_pp73-win_amd64.whl", hash = "sha256:ca447967131023e98fcb4867f05cf8584adb424b9108180b2414745a6ff41c31"},
    {file = "websockets-14.0-pp39-pypy39_pp73-macosx_10_15_x86_64.whl", hash = "sha256:c4eb304743ab285f8f057344d115259fbe31e42151b9aae7610db83d2a7379b1"},
    {file = "websockets-14.0-pp39-pypy39_pp73-macosx_11_0_arm64.whl", hash = "sha256:cc7dbe53276429b2ca511a04a3979ce27aa2088fdd28c119c6913dccdfd0e909"},
    {file = "websockets-14.0-pp39-pypy39_pp73-manylinux_2_17_aarch64.manylinux2014_aarch64.whl", hash = "sha256:f6dd785f7a521189b1233d3c86c0b66fb73d4769a1d253ce5b31081c5946f05f"},
    {file = "websockets-14.0-pp39-pypy39_pp73-manylinux_2_5_i686.manylinux1_i686.manylinux_2_17_i686.manylinux2014_i686.whl", hash = "sha256:77697c303b874daf1c76d4e167cd5d6871c26964bc189e4bdb40427067d53a86"},
    {file = "websockets-14.0-pp39-pypy39_pp73-manylinux_2_5_x86_64.manylinux1_x86_64.manylinux_2_17_x86_64.manylinux2014_x86_64.whl", hash = "sha256:20979614e4d7266f15018c154255d35dfb9fc828fdf6b4924166b6728fed359f"},
    {file = "websockets-14.0-pp39-pypy39_pp73-win_amd64.whl", hash = "sha256:3fb3d9e3940ea15b30404200e768e6111c3ee2956c60ceb001cae057961ab058"},
    {file = "websockets-14.0-py3-none-any.whl", hash = "sha256:1a3bca8cfb66614e23a65aa5d6b87190876ec6f3247094939f9db877db55319c"},
    {file = "websockets-14.0.tar.gz", hash = "sha256:be90aa6dab180fed523c0c10a6729ad16c9ba79067402d01a4d8aa7ce48d4084"},
]

[metadata]
lock-version = "2.0"
python-versions = "^3.12"
content-hash = "bbfe3013d90369f791b704d22b9c7cbbae64c40d0dfad20e4099431176c6c03e"
